
Microsoft Visual Studio Solution File, Format Version 12.00
# Visual Studio Version 17
VisualStudioVersion = 17.10.35004.147
MinimumVisualStudioVersion = 10.0.40219.1
Project("{FAE04EC0-301F-11D3-BF4B-00C04F79EFBC}") = "submissionApp", "submissionApp\submissionApp.csproj", "{46337B8A-D48B-412B-BFFE-FACA5526E3FB}"
EndProject
Global
	GlobalSection(SolutionConfigurationPlatforms) = preSolution
		Debug|Any CPU = Debug|Any CPU
		Release|Any CPU = Release|Any CPU
	EndGlobalSection
	GlobalSection(ProjectConfigurationPlatforms) = postSolution
		{46337B8A-D48B-412B-BFFE-FACA5526E3FB}.Debug|Any CPU.ActiveCfg = Debug|Any CPU
		{46337B8A-D48B-412B-BFFE-FACA5526E3FB}.Debug|Any CPU.Build.0 = Debug|Any CPU
		{46337B8A-D48B-412B-BFFE-FACA5526E3FB}.Release|Any CPU.ActiveCfg = Release|Any CPU
		{46337B8A-D48B-412B-BFFE-FACA5526E3FB}.Release|Any CPU.Build.0 = Release|Any CPU
	EndGlobalSection
	GlobalSection(SolutionProperties) = preSolution
		HideSolutionNode = FALSE
	EndGlobalSection
	GlobalSection(ExtensibilityGlobals) = postSolution
		SolutionGuid = {A79C0BCD-4148-4ED0-9137-79D9ADE4F529}
	EndGlobalSection
EndGlobal
